
Microsoft Visual Studio Solution File, Format Version 12.00
# Visual Studio 2012
Project("{FAE04EC0-301F-11D3-BF4B-00C04F79EFBC}") = "ICGame", "ICGame\ICGame.csproj", "{9F6FDEC6-AE5F-4F03-B155-F6082785749B}"
EndProject
Project("{FAE04EC0-301F-11D3-BF4B-00C04F79EFBC}") = "Farseer Physics XNA", "Farseer Physics Engine 3.3.1 XNA\Farseer Physics XNA.csproj", "{0A850700-1ABB-4288-A391-6726B90EBEB9}"
EndProject
Project("{FAE04EC0-301F-11D3-BF4B-00C04F79EFBC}") = "ICGameContent", "ICGameContent\ICGameContent.contentproj", "{F560ACE9-10D8-4170-A156-FC4AEA2F1DAD}"
EndProject
Global
	GlobalSection(SolutionConfigurationPlatforms) = preSolution
		Debug_EDITOR|Any CPU = Debug_EDITOR|Any CPU
		Debug_EDITOR|Mixed Platforms = Debug_EDITOR|Mixed Platforms
		Debug_EDITOR|x86 = Debug_EDITOR|x86
		Debug_LEVEL_LOADING|Any CPU = Debug_LEVEL_LOADING|Any CPU
		Debug_LEVEL_LOADING|Mixed Platforms = Debug_LEVEL_LOADING|Mixed Platforms
		Debug_LEVEL_LOADING|x86 = Debug_LEVEL_LOADING|x86
		Debug_MODEL_VIEW|Any CPU = Debug_MODEL_VIEW|Any CPU
		Debug_MODEL_VIEW|Mixed Platforms = Debug_MODEL_VIEW|Mixed Platforms
		Debug_MODEL_VIEW|x86 = Debug_MODEL_VIEW|x86
		Debug_TUTORIAL|Any CPU = Debug_TUTORIAL|Any CPU
		Debug_TUTORIAL|Mixed Platforms = Debug_TUTORIAL|Mixed Platforms
		Debug_TUTORIAL|x86 = Debug_TUTORIAL|x86
		Debug|Any CPU = Debug|Any CPU
		Debug|Mixed Platforms = Debug|Mixed Platforms
		Debug|x86 = Debug|x86
		Release|Any CPU = Release|Any CPU
		Release|Mixed Platforms = Release|Mixed Platforms
		Release|x86 = Release|x86
	EndGlobalSection
	GlobalSection(ProjectConfigurationPlatforms) = postSolution
		{9F6FDEC6-AE5F-4F03-B155-F6082785749B}.Debug_EDITOR|Any CPU.ActiveCfg = Debug|x86
		{9F6FDEC6-AE5F-4F03-B155-F6082785749B}.Debug_EDITOR|Mixed Platforms.ActiveCfg = Debug_EDITOR|x86
		{9F6FDEC6-AE5F-4F03-B155-F6082785749B}.Debug_EDITOR|Mixed Platforms.Build.0 = Debug_EDITOR|x86
		{9F6FDEC6-AE5F-4F03-B155-F6082785749B}.Debug_EDITOR|x86.ActiveCfg = Debug|x86
		{9F6FDEC6-AE5F-4F03-B155-F6082785749B}.Debug_EDITOR|x86.Build.0 = Debug|x86
		{9F6FDEC6-AE5F-4F03-B155-F6082785749B}.Debug_LEVEL_LOADING|Any CPU.ActiveCfg = Debug|x86
		{9F6FDEC6-AE5F-4F03-B155-F6082785749B}.Debug_LEVEL_LOADING|Mixed Platforms.ActiveCfg = Debug_LEVEL_LOADING|x86
		{9F6FDEC6-AE5F-4F03-B155-F6082785749B}.Debug_LEVEL_LOADING|Mixed Platforms.Build.0 = Debug_LEVEL_LOADING|x86
		{9F6FDEC6-AE5F-4F03-B155-F6082785749B}.Debug_LEVEL_LOADING|x86.ActiveCfg = Debug|x86
		{9F6FDEC6-AE5F-4F03-B155-F6082785749B}.Debug_LEVEL_LOADING|x86.Build.0 = Debug|x86
		{9F6FDEC6-AE5F-4F03-B155-F6082785749B}.Debug_MODEL_VIEW|Any CPU.ActiveCfg = Debug_MODEL_VIEW|x86
		{9F6FDEC6-AE5F-4F03-B155-F6082785749B}.Debug_MODEL_VIEW|Mixed Platforms.ActiveCfg = Debug_MODEL_VIEW|x86
		{9F6FDEC6-AE5F-4F03-B155-F6082785749B}.Debug_MODEL_VIEW|Mixed Platforms.Build.0 = Debug_MODEL_VIEW|x86
		{9F6FDEC6-AE5F-4F03-B155-F6082785749B}.Debug_MODEL_VIEW|x86.ActiveCfg = Debug_MODEL_VIEW|x86
		{9F6FDEC6-AE5F-4F03-B155-F6082785749B}.Debug_MODEL_VIEW|x86.Build.0 = Debug_MODEL_VIEW|x86
		{9F6FDEC6-AE5F-4F03-B155-F6082785749B}.Debug_TUTORIAL|Any CPU.ActiveCfg = Debug|x86
		{9F6FDEC6-AE5F-4F03-B155-F6082785749B}.Debug_TUTORIAL|Mixed Platforms.ActiveCfg = Debug_TUTORIAL|x86
		{9F6FDEC6-AE5F-4F03-B155-F6082785749B}.Debug_TUTORIAL|Mixed Platforms.Build.0 = Debug_TUTORIAL|x86
		{9F6FDEC6-AE5F-4F03-B155-F6082785749B}.Debug_TUTORIAL|x86.ActiveCfg = Debug|x86
		{9F6FDEC6-AE5F-4F03-B155-F6082785749B}.Debug_TUTORIAL|x86.Build.0 = Debug|x86
		{9F6FDEC6-AE5F-4F03-B155-F6082785749B}.Debug|Any CPU.ActiveCfg = Debug|x86
		{9F6FDEC6-AE5F-4F03-B155-F6082785749B}.Debug|Mixed Platforms.ActiveCfg = Debug|x86
		{9F6FDEC6-AE5F-4F03-B155-F6082785749B}.Debug|Mixed Platforms.Build.0 = Debug|x86
		{9F6FDEC6-AE5F-4F03-B155-F6082785749B}.Debug|x86.ActiveCfg = Debug|x86
		{9F6FDEC6-AE5F-4F03-B155-F6082785749B}.Debug|x86.Build.0 = Debug|x86
		{9F6FDEC6-AE5F-4F03-B155-F6082785749B}.Release|Any CPU.ActiveCfg = Release|x86
		{9F6FDEC6-AE5F-4F03-B155-F6082785749B}.Release|Mixed Platforms.ActiveCfg = Release|x86
		{9F6FDEC6-AE5F-4F03-B155-F6082785749B}.Release|Mixed Platforms.Build.0 = Release|x86
		{9F6FDEC6-AE5F-4F03-B155-F6082785749B}.Release|x86.ActiveCfg = Release|x86
		{9F6FDEC6-AE5F-4F03-B155-F6082785749B}.Release|x86.Build.0 = Release|x86
		{0A850700-1ABB-4288-A391-6726B90EBEB9}.Debug_EDITOR|Any CPU.ActiveCfg = Debug|x86
		{0A850700-1ABB-4288-A391-6726B90EBEB9}.Debug_EDITOR|Mixed Platforms.ActiveCfg = Debug|x86
		{0A850700-1ABB-4288-A391-6726B90EBEB9}.Debug_EDITOR|Mixed Platforms.Build.0 = Debug|x86
		{0A850700-1ABB-4288-A391-6726B90EBEB9}.Debug_EDITOR|x86.ActiveCfg = Debug|x86
		{0A850700-1ABB-4288-A391-6726B90EBEB9}.Debug_EDITOR|x86.Build.0 = Debug|x86
		{0A850700-1ABB-4288-A391-6726B90EBEB9}.Debug_LEVEL_LOADING|Any CPU.ActiveCfg = Debug|x86
		{0A850700-1ABB-4288-A391-6726B90EBEB9}.Debug_LEVEL_LOADING|Mixed Platforms.ActiveCfg = Debug|x86
		{0A850700-1ABB-4288-A391-6726B90EBEB9}.Debug_LEVEL_LOADING|Mixed Platforms.Build.0 = Debug|x86
		{0A850700-1ABB-4288-A391-6726B90EBEB9}.Debug_LEVEL_LOADING|x86.ActiveCfg = Debug|x86
		{0A850700-1ABB-4288-A391-6726B90EBEB9}.Debug_LEVEL_LOADING|x86.Build.0 = Debug|x86
		{0A850700-1ABB-4288-A391-6726B90EBEB9}.Debug_MODEL_VIEW|Any CPU.ActiveCfg = Debug_MODEL_VIEW|x86
		{0A850700-1ABB-4288-A391-6726B90EBEB9}.Debug_MODEL_VIEW|Mixed Platforms.ActiveCfg = Debug_MODEL_VIEW|x86
		{0A850700-1ABB-4288-A391-6726B90EBEB9}.Debug_MODEL_VIEW|Mixed Platforms.Build.0 = Debug_MODEL_VIEW|x86
		{0A850700-1ABB-4288-A391-6726B90EBEB9}.Debug_MODEL_VIEW|x86.ActiveCfg = Debug_MODEL_VIEW|x86
		{0A850700-1ABB-4288-A391-6726B90EBEB9}.Debug_MODEL_VIEW|x86.Build.0 = Debug_MODEL_VIEW|x86
		{0A850700-1ABB-4288-A391-6726B90EBEB9}.Debug_TUTORIAL|Any CPU.ActiveCfg = Debug|x86
		{0A850700-1ABB-4288-A391-6726B90EBEB9}.Debug_TUTORIAL|Mixed Platforms.ActiveCfg = Debug|x86
		{0A850700-1ABB-4288-A391-6726B90EBEB9}.Debug_TUTORIAL|Mixed Platforms.Build.0 = Debug|x86
		{0A850700-1ABB-4288-A391-6726B90EBEB9}.Debug_TUTORIAL|x86.ActiveCfg = Debug|x86
		{0A850700-1ABB-4288-A391-6726B90EBEB9}.Debug_TUTORIAL|x86.Build.0 = Debug|x86
		{0A850700-1ABB-4288-A391-6726B90EBEB9}.Debug|Any CPU.ActiveCfg = Debug|x86
		{0A850700-1ABB-4288-A391-6726B90EBEB9}.Debug|Mixed Platforms.ActiveCfg = Debug|x86
		{0A850700-1ABB-4288-A391-6726B90EBEB9}.Debug|Mixed Platforms.Build.0 = Debug|x86
		{0A850700-1ABB-4288-A391-6726B90EBEB9}.Debug|x86.ActiveCfg = Debug|x86
		{0A850700-1ABB-4288-A391-6726B90EBEB9}.Debug|x86.Build.0 = Debug|x86
		{0A850700-1ABB-4288-A391-6726B90EBEB9}.Release|Any CPU.ActiveCfg = Release|x86
		{0A850700-1ABB-4288-A391-6726B90EBEB9}.Release|Mixed Platforms.ActiveCfg = Release|x86
		{0A850700-1ABB-4288-A391-6726B90EBEB9}.Release|Mixed Platforms.Build.0 = Release|x86
		{0A850700-1ABB-4288-A391-6726B90EBEB9}.Release|x86.ActiveCfg = Release|x86
		{0A850700-1ABB-4288-A391-6726B90EBEB9}.Release|x86.Build.0 = Release|x86
		{F560ACE9-10D8-4170-A156-FC4AEA2F1DAD}.Debug_EDITOR|Any CPU.ActiveCfg = Debug|x86
		{F560ACE9-10D8-4170-A156-FC4AEA2F1DAD}.Debug_EDITOR|Mixed Platforms.ActiveCfg = Debug|x86
		{F560ACE9-10D8-4170-A156-FC4AEA2F1DAD}.Debug_EDITOR|x86.ActiveCfg = Debug|x86
		{F560ACE9-10D8-4170-A156-FC4AEA2F1DAD}.Debug_LEVEL_LOADING|Any CPU.ActiveCfg = Debug|x86
		{F560ACE9-10D8-4170-A156-FC4AEA2F1DAD}.Debug_LEVEL_LOADING|Mixed Platforms.ActiveCfg = Debug|x86
		{F560ACE9-10D8-4170-A156-FC4AEA2F1DAD}.Debug_LEVEL_LOADING|x86.ActiveCfg = Debug|x86
		{F560ACE9-10D8-4170-A156-FC4AEA2F1DAD}.Debug_MODEL_VIEW|Any CPU.ActiveCfg = Debug|x86
		{F560ACE9-10D8-4170-A156-FC4AEA2F1DAD}.Debug_MODEL_VIEW|Mixed Platforms.ActiveCfg = Debug|x86
		{F560ACE9-10D8-4170-A156-FC4AEA2F1DAD}.Debug_MODEL_VIEW|x86.ActiveCfg = Debug|x86
		{F560ACE9-10D8-4170-A156-FC4AEA2F1DAD}.Debug_TUTORIAL|Any CPU.ActiveCfg = Debug|x86
		{F560ACE9-10D8-4170-A156-FC4AEA2F1DAD}.Debug_TUTORIAL|Mixed Platforms.ActiveCfg = Debug|x86
		{F560ACE9-10D8-4170-A156-FC4AEA2F1DAD}.Debug_TUTORIAL|x86.ActiveCfg = Debug|x86
		{F560ACE9-10D8-4170-A156-FC4AEA2F1DAD}.Debug|Any CPU.ActiveCfg = Debug|x86
		{F560ACE9-10D8-4170-A156-FC4AEA2F1DAD}.Debug|Mixed Platforms.ActiveCfg = Debug|x86
		{F560ACE9-10D8-4170-A156-FC4AEA2F1DAD}.Debug|x86.ActiveCfg = Debug|x86
		{F560ACE9-10D8-4170-A156-FC4AEA2F1DAD}.Release|Any CPU.ActiveCfg = Release|x86
		{F560ACE9-10D8-4170-A156-FC4AEA2F1DAD}.Release|Mixed Platforms.ActiveCfg = Release|x86
		{F560ACE9-10D8-4170-A156-FC4AEA2F1DAD}.Release|x86.ActiveCfg = Release|x86
	EndGlobalSection
	GlobalSection(SolutionProperties) = preSolution
		HideSolutionNode = FALSE
	EndGlobalSection
	GlobalSection(Performance) = preSolution
		HasPerformanceSessions = true
	EndGlobalSection
EndGlobal
